
Microsoft Visual Studio Solution File, Format Version 12.00
# Visual Studio 15
VisualStudioVersion = 15.0.26124.0
MinimumVisualStudioVersion = 15.0.26124.0
Project("{2150E333-8FDC-42A3-9474-1A3956D46DE8}") = "src", "src", "{AA075FCD-05F0-46D0-81A3-7B20DD552EA2}"
EndProject
Project("{2150E333-8FDC-42A3-9474-1A3956D46DE8}") = "tests", "tests", "{234EA6BC-1AF9-45F9-AFF9-58B2755C1ED8}"
EndProject
Project("{FAE04EC0-301F-11D3-BF4B-00C04F79EFBC}") = "Core", "src\Core\Core.csproj", "{787ACEC1-A881-4520-82C1-7B4048D78A60}"
EndProject
Project("{FAE04EC0-301F-11D3-BF4B-00C04F79EFBC}") = "UnitTests", "tests\UnitTests\UnitTests.csproj", "{DA0F33DD-E649-46AD-BFFC-50F064BAFFFF}"
EndProject
Global
	GlobalSection(SolutionConfigurationPlatforms) = preSolution
		Debug|Any CPU = Debug|Any CPU
		Debug|x64 = Debug|x64
		Debug|x86 = Debug|x86
		Release|Any CPU = Release|Any CPU
		Release|x64 = Release|x64
		Release|x86 = Release|x86
	EndGlobalSection
	GlobalSection(SolutionProperties) = preSolution
		HideSolutionNode = FALSE
	EndGlobalSection
	GlobalSection(ProjectConfigurationPlatforms) = postSolution
		{787ACEC1-A881-4520-82C1-7B4048D78A60}.Debug|Any CPU.ActiveCfg = Debug|Any CPU
		{787ACEC1-A881-4520-82C1-7B4048D78A60}.Debug|Any CPU.Build.0 = Debug|Any CPU
		{787ACEC1-A881-4520-82C1-7B4048D78A60}.Debug|x64.ActiveCfg = Debug|Any CPU
		{787ACEC1-A881-4520-82C1-7B4048D78A60}.Debug|x64.Build.0 = Debug|Any CPU
		{787ACEC1-A881-4520-82C1-7B4048D78A60}.Debug|x86.ActiveCfg = Debug|Any CPU
		{787ACEC1-A881-4520-82C1-7B4048D78A60}.Debug|x86.Build.0 = Debug|Any CPU
		{787ACEC1-A881-4520-82C1-7B4048D78A60}.Release|Any CPU.ActiveCfg = Release|Any CPU
		{787ACEC1-A881-4520-82C1-7B4048D78A60}.Release|Any CPU.Build.0 = Release|Any CPU
		{787ACEC1-A881-4520-82C1-7B4048D78A60}.Release|x64.ActiveCfg = Release|Any CPU
		{787ACEC1-A881-4520-82C1-7B4048D78A60}.Release|x64.Build.0 = Release|Any CPU
		{787ACEC1-A881-4520-82C1-7B4048D78A60}.Release|x86.ActiveCfg = Release|Any CPU
		{787ACEC1-A881-4520-82C1-7B4048D78A60}.Release|x86.Build.0 = Release|Any CPU
		{DA0F33DD-E649-46AD-BFFC-50F064BAFFFF}.Debug|Any CPU.ActiveCfg = Debug|Any CPU
		{DA0F33DD-E649-46AD-BFFC-50F064BAFFFF}.Debug|Any CPU.Build.0 = Debug|Any CPU
		{DA0F33DD-E649-46AD-BFFC-50F064BAFFFF}.Debug|x64.ActiveCfg = Debug|Any CPU
		{DA0F33DD-E649-46AD-BFFC-50F064BAFFFF}.Debug|x64.Build.0 = Debug|Any CPU
		{DA0F33DD-E649-46AD-BFFC-50F064BAFFFF}.Debug|x86.ActiveCfg = Debug|Any CPU
		{DA0F33DD-E649-46AD-BFFC-50F064BAFFFF}.Debug|x86.Build.0 = Debug|Any CPU
		{DA0F33DD-E649-46AD-BFFC-50F064BAFFFF}.Release|Any CPU.ActiveCfg = Release|Any CPU
		{DA0F33DD-E649-46AD-BFFC-50F064BAFFFF}.Release|Any CPU.Build.0 = Release|Any CPU
		{DA0F33DD-E649-46AD-BFFC-50F064BAFFFF}.Release|x64.ActiveCfg = Release|Any CPU
		{DA0F33DD-E649-46AD-BFFC-50F064BAFFFF}.Release|x64.Build.0 = Release|Any CPU
		{DA0F33DD-E649-46AD-BFFC-50F064BAFFFF}.Release|x86.ActiveCfg = Release|Any CPU
		{DA0F33DD-E649-46AD-BFFC-50F064BAFFFF}.Release|x86.Build.0 = Release|Any CPU
	EndGlobalSection
	GlobalSection(NestedProjects) = preSolution
		{787ACEC1-A881-4520-82C1-7B4048D78A60} = {AA075FCD-05F0-46D0-81A3-7B20DD552EA2}
		{DA0F33DD-E649-46AD-BFFC-50F064BAFFFF} = {234EA6BC-1AF9-45F9-AFF9-58B2755C1ED8}
	EndGlobalSection
EndGlobal
