
Microsoft Visual Studio Solution File, Format Version 12.00
# Visual Studio 15
VisualStudioVersion = 15.0.26124.0
MinimumVisualStudioVersion = 15.0.26124.0
Project("{2150E333-8FDC-42A3-9474-1A3956D46DE8}") = "src", "src", "{AA075FCD-05F0-46D0-81A3-7B20DD552EA2}"
EndProject
Project("{2150E333-8FDC-42A3-9474-1A3956D46DE8}") = "tests", "tests", "{234EA6BC-1AF9-45F9-AFF9-58B2755C1ED8}"
EndProject
Project("{FAE04EC0-301F-11D3-BF4B-00C04F79EFBC}") = "ResultCore", "src\Core\ResultCore.csproj", "{89683444-B6CF-475A-A88E-751F9C096263}"
EndProject
Project("{FAE04EC0-301F-11D3-BF4B-00C04F79EFBC}") = "ResultCore.UnitTests", "tests\UnitTests\ResultCore.UnitTests.csproj", "{1A55FA92-D4D6-46DE-A9FC-C69A92C1F513}"
EndProject
Global
	GlobalSection(SolutionConfigurationPlatforms) = preSolution
		Debug|Any CPU = Debug|Any CPU
		Debug|x64 = Debug|x64
		Debug|x86 = Debug|x86
		Release|Any CPU = Release|Any CPU
		Release|x64 = Release|x64
		Release|x86 = Release|x86
	EndGlobalSection
	GlobalSection(SolutionProperties) = preSolution
		HideSolutionNode = FALSE
	EndGlobalSection
	GlobalSection(ProjectConfigurationPlatforms) = postSolution
		{89683444-B6CF-475A-A88E-751F9C096263}.Debug|Any CPU.ActiveCfg = Debug|Any CPU
		{89683444-B6CF-475A-A88E-751F9C096263}.Debug|Any CPU.Build.0 = Debug|Any CPU
		{89683444-B6CF-475A-A88E-751F9C096263}.Debug|x64.ActiveCfg = Debug|Any CPU
		{89683444-B6CF-475A-A88E-751F9C096263}.Debug|x64.Build.0 = Debug|Any CPU
		{89683444-B6CF-475A-A88E-751F9C096263}.Debug|x86.ActiveCfg = Debug|Any CPU
		{89683444-B6CF-475A-A88E-751F9C096263}.Debug|x86.Build.0 = Debug|Any CPU
		{89683444-B6CF-475A-A88E-751F9C096263}.Release|Any CPU.ActiveCfg = Release|Any CPU
		{89683444-B6CF-475A-A88E-751F9C096263}.Release|Any CPU.Build.0 = Release|Any CPU
		{89683444-B6CF-475A-A88E-751F9C096263}.Release|x64.ActiveCfg = Release|Any CPU
		{89683444-B6CF-475A-A88E-751F9C096263}.Release|x64.Build.0 = Release|Any CPU
		{89683444-B6CF-475A-A88E-751F9C096263}.Release|x86.ActiveCfg = Release|Any CPU
		{89683444-B6CF-475A-A88E-751F9C096263}.Release|x86.Build.0 = Release|Any CPU
		{1A55FA92-D4D6-46DE-A9FC-C69A92C1F513}.Debug|Any CPU.ActiveCfg = Debug|Any CPU
		{1A55FA92-D4D6-46DE-A9FC-C69A92C1F513}.Debug|Any CPU.Build.0 = Debug|Any CPU
		{1A55FA92-D4D6-46DE-A9FC-C69A92C1F513}.Debug|x64.ActiveCfg = Debug|Any CPU
		{1A55FA92-D4D6-46DE-A9FC-C69A92C1F513}.Debug|x64.Build.0 = Debug|Any CPU
		{1A55FA92-D4D6-46DE-A9FC-C69A92C1F513}.Debug|x86.ActiveCfg = Debug|Any CPU
		{1A55FA92-D4D6-46DE-A9FC-C69A92C1F513}.Debug|x86.Build.0 = Debug|Any CPU
		{1A55FA92-D4D6-46DE-A9FC-C69A92C1F513}.Release|Any CPU.ActiveCfg = Release|Any CPU
		{1A55FA92-D4D6-46DE-A9FC-C69A92C1F513}.Release|Any CPU.Build.0 = Release|Any CPU
		{1A55FA92-D4D6-46DE-A9FC-C69A92C1F513}.Release|x64.ActiveCfg = Release|Any CPU
		{1A55FA92-D4D6-46DE-A9FC-C69A92C1F513}.Release|x64.Build.0 = Release|Any CPU
		{1A55FA92-D4D6-46DE-A9FC-C69A92C1F513}.Release|x86.ActiveCfg = Release|Any CPU
		{1A55FA92-D4D6-46DE-A9FC-C69A92C1F513}.Release|x86.Build.0 = Release|Any CPU
	EndGlobalSection
	GlobalSection(NestedProjects) = preSolution
		{89683444-B6CF-475A-A88E-751F9C096263} = {AA075FCD-05F0-46D0-81A3-7B20DD552EA2}
		{1A55FA92-D4D6-46DE-A9FC-C69A92C1F513} = {234EA6BC-1AF9-45F9-AFF9-58B2755C1ED8}
	EndGlobalSection
EndGlobal
